
Microsoft Visual Studio Solution File, Format Version 12.00
# Visual Studio Express 2012 for Windows Desktop
Project("{FAE04EC0-301F-11D3-BF4B-00C04F79EFBC}") = "ConsoleApplication2", "ConsoleApplication2\ConsoleApplication2.csproj", "{BA9776D5-BBA5-4117-B101-A3EB2D123875}"
EndProject
Global
	GlobalSection(SolutionConfigurationPlatforms) = preSolution
		Debug|Any CPU = Debug|Any CPU
		Release|Any CPU = Release|Any CPU
	EndGlobalSection
	GlobalSection(ProjectConfigurationPlatforms) = postSolution
		{BA9776D5-BBA5-4117-B101-A3EB2D123875}.Debug|Any CPU.ActiveCfg = Debug|Any CPU
		{BA9776D5-BBA5-4117-B101-A3EB2D123875}.Debug|Any CPU.Build.0 = Debug|Any CPU
		{BA9776D5-BBA5-4117-B101-A3EB2D123875}.Release|Any CPU.ActiveCfg = Release|Any CPU
		{BA9776D5-BBA5-4117-B101-A3EB2D123875}.Release|Any CPU.Build.0 = Release|Any CPU
	EndGlobalSection
	GlobalSection(SolutionProperties) = preSolution
		HideSolutionNode = FALSE
	EndGlobalSection
EndGlobal
